// !$*UTF8*$!
{
	archiveVersion = 1;
	classes = {
	};
	objectVersion = 50;
	objects = {

/* Begin PBXBuildFile section */
		AB752358239259340024EAF9 /* APIError.swift in Sources */ = {isa = PBXBuildFile; fileRef = AB752357239259330024EAF9 /* APIError.swift */; };
		AB75235A23925C850024EAF9 /* UIViewController+Errors.swift in Sources */ = {isa = PBXBuildFile; fileRef = AB75235923925C850024EAF9 /* UIViewController+Errors.swift */; };
		ABA557B323924AA600BD0123 /* FooterView.swift in Sources */ = {isa = PBXBuildFile; fileRef = ABA557B223924AA600BD0123 /* FooterView.swift */; };
		ABB357DD239012470065CBEA /* AppDelegate.swift in Sources */ = {isa = PBXBuildFile; fileRef = ABB357DC239012470065CBEA /* AppDelegate.swift */; };
		ABB357DF239012470065CBEA /* SceneDelegate.swift in Sources */ = {isa = PBXBuildFile; fileRef = ABB357DE239012470065CBEA /* SceneDelegate.swift */; };
		ABB357E7239012470065CBEA /* NewsFeed.xcdatamodeld in Sources */ = {isa = PBXBuildFile; fileRef = ABB357E5239012470065CBEA /* NewsFeed.xcdatamodeld */; };
		ABB357E9239012570065CBEA /* Assets.xcassets in Resources */ = {isa = PBXBuildFile; fileRef = ABB357E8239012570065CBEA /* Assets.xcassets */; };
		ABB357EC239012570065CBEA /* LaunchScreen.storyboard in Resources */ = {isa = PBXBuildFile; fileRef = ABB357EA239012570065CBEA /* LaunchScreen.storyboard */; };
		ABB357F4239016130065CBEA /* FeedViewController.swift in Sources */ = {isa = PBXBuildFile; fileRef = ABB357F3239016130065CBEA /* FeedViewController.swift */; };
		ABB357F6239016340065CBEA /* ArticleCell.swift in Sources */ = {isa = PBXBuildFile; fileRef = ABB357F5239016340065CBEA /* ArticleCell.swift */; };
		ABB357FB23901F660065CBEA /* Settings.swift in Sources */ = {isa = PBXBuildFile; fileRef = ABB357FA23901F660065CBEA /* Settings.swift */; };
		ABB35800239020380065CBEA /* NetworkWorker.swift in Sources */ = {isa = PBXBuildFile; fileRef = ABB357FF239020380065CBEA /* NetworkWorker.swift */; };
		ABB35802239020490065CBEA /* NetworkWorkerProtocol.swift in Sources */ = {isa = PBXBuildFile; fileRef = ABB35801239020490065CBEA /* NetworkWorkerProtocol.swift */; };
		ABB35805239020C50065CBEA /* EndpointProtocol.swift in Sources */ = {isa = PBXBuildFile; fileRef = ABB35804239020C50065CBEA /* EndpointProtocol.swift */; };
		ABB35807239020D00065CBEA /* Feed.swift in Sources */ = {isa = PBXBuildFile; fileRef = ABB35806239020D00065CBEA /* Feed.swift */; };
		ABB35809239022940065CBEA /* NetworkWorkerErrors.swift in Sources */ = {isa = PBXBuildFile; fileRef = ABB35808239022940065CBEA /* NetworkWorkerErrors.swift */; };
		ABB3580B239026880065CBEA /* WebImageView.swift in Sources */ = {isa = PBXBuildFile; fileRef = ABB3580A239026880065CBEA /* WebImageView.swift */; };
		ABB3580F23902C540065CBEA /* ArticlesResponse.swift in Sources */ = {isa = PBXBuildFile; fileRef = ABB3580E23902C540065CBEA /* ArticlesResponse.swift */; };
		ABB3581123902C700065CBEA /* ResponseStatus.swift in Sources */ = {isa = PBXBuildFile; fileRef = ABB3581023902C700065CBEA /* ResponseStatus.swift */; };
		ABB3581323902CE30065CBEA /* Article.swift in Sources */ = {isa = PBXBuildFile; fileRef = ABB3581223902CE30065CBEA /* Article.swift */; };
		ABB3581623902D900065CBEA /* ArticlesService.swift in Sources */ = {isa = PBXBuildFile; fileRef = ABB3581523902D900065CBEA /* ArticlesService.swift */; };
		ABB3581923902F5F0065CBEA /* ArticleLocal+CoreDataClass.swift in Sources */ = {isa = PBXBuildFile; fileRef = ABB3581723902F5F0065CBEA /* ArticleLocal+CoreDataClass.swift */; };
		ABB3581A23902F5F0065CBEA /* ArticleLocal+CoreDataProperties.swift in Sources */ = {isa = PBXBuildFile; fileRef = ABB3581823902F5F0065CBEA /* ArticleLocal+CoreDataProperties.swift */; };
		ABB3581C23902F6B0065CBEA /* CoreDataManager.swift in Sources */ = {isa = PBXBuildFile; fileRef = ABB3581B23902F6B0065CBEA /* CoreDataManager.swift */; };
/* End PBXBuildFile section */

/* Begin PBXFileReference section */
		AB752357239259330024EAF9 /* APIError.swift */ = {isa = PBXFileReference; lastKnownFileType = sourcecode.swift; path = APIError.swift; sourceTree = "<group>"; };
		AB75235923925C850024EAF9 /* UIViewController+Errors.swift */ = {isa = PBXFileReference; lastKnownFileType = sourcecode.swift; path = "UIViewController+Errors.swift"; sourceTree = "<group>"; };
		ABA557B223924AA600BD0123 /* FooterView.swift */ = {isa = PBXFileReference; lastKnownFileType = sourcecode.swift; path = FooterView.swift; sourceTree = "<group>"; };
		ABB357D9239012470065CBEA /* NewsFeed.app */ = {isa = PBXFileReference; explicitFileType = wrapper.application; includeInIndex = 0; path = NewsFeed.app; sourceTree = BUILT_PRODUCTS_DIR; };
		ABB357DC239012470065CBEA /* AppDelegate.swift */ = {isa = PBXFileReference; lastKnownFileType = sourcecode.swift; path = AppDelegate.swift; sourceTree = "<group>"; };
		ABB357DE239012470065CBEA /* SceneDelegate.swift */ = {isa = PBXFileReference; lastKnownFileType = sourcecode.swift; path = SceneDelegate.swift; sourceTree = "<group>"; };
		ABB357E6239012470065CBEA /* NewsFeed.xcdatamodel */ = {isa = PBXFileReference; lastKnownFileType = wrapper.xcdatamodel; path = NewsFeed.xcdatamodel; sourceTree = "<group>"; };
		ABB357E8239012570065CBEA /* Assets.xcassets */ = {isa = PBXFileReference; lastKnownFileType = folder.assetcatalog; path = Assets.xcassets; sourceTree = "<group>"; };
		ABB357EB239012570065CBEA /* Base */ = {isa = PBXFileReference; lastKnownFileType = file.storyboard; name = Base; path = Base.lproj/LaunchScreen.storyboard; sourceTree = "<group>"; };
		ABB357ED239012570065CBEA /* Info.plist */ = {isa = PBXFileReference; lastKnownFileType = text.plist.xml; path = Info.plist; sourceTree = "<group>"; };
		ABB357F3239016130065CBEA /* FeedViewController.swift */ = {isa = PBXFileReference; lastKnownFileType = sourcecode.swift; path = FeedViewController.swift; sourceTree = "<group>"; };
		ABB357F5239016340065CBEA /* ArticleCell.swift */ = {isa = PBXFileReference; lastKnownFileType = sourcecode.swift; path = ArticleCell.swift; sourceTree = "<group>"; };
		ABB357FA23901F660065CBEA /* Settings.swift */ = {isa = PBXFileReference; lastKnownFileType = sourcecode.swift; path = Settings.swift; sourceTree = "<group>"; };
		ABB357FF239020380065CBEA /* NetworkWorker.swift */ = {isa = PBXFileReference; lastKnownFileType = sourcecode.swift; path = NetworkWorker.swift; sourceTree = "<group>"; };
		ABB35801239020490065CBEA /* NetworkWorkerProtocol.swift */ = {isa = PBXFileReference; lastKnownFileType = sourcecode.swift; path = NetworkWorkerProtocol.swift; sourceTree = "<group>"; };
		ABB35804239020C50065CBEA /* EndpointProtocol.swift */ = {isa = PBXFileReference; lastKnownFileType = sourcecode.swift; path = EndpointProtocol.swift; sourceTree = "<group>"; };
		ABB35806239020D00065CBEA /* Feed.swift */ = {isa = PBXFileReference; lastKnownFileType = sourcecode.swift; path = Feed.swift; sourceTree = "<group>"; };
		ABB35808239022940065CBEA /* NetworkWorkerErrors.swift */ = {isa = PBXFileReference; lastKnownFileType = sourcecode.swift; path = NetworkWorkerErrors.swift; sourceTree = "<group>"; };
		ABB3580A239026880065CBEA /* WebImageView.swift */ = {isa = PBXFileReference; lastKnownFileType = sourcecode.swift; path = WebImageView.swift; sourceTree = "<group>"; };
		ABB3580E23902C540065CBEA /* ArticlesResponse.swift */ = {isa = PBXFileReference; lastKnownFileType = sourcecode.swift; path = ArticlesResponse.swift; sourceTree = "<group>"; };
		ABB3581023902C700065CBEA /* ResponseStatus.swift */ = {isa = PBXFileReference; lastKnownFileType = sourcecode.swift; path = ResponseStatus.swift; sourceTree = "<group>"; };
		ABB3581223902CE30065CBEA /* Article.swift */ = {isa = PBXFileReference; lastKnownFileType = sourcecode.swift; path = Article.swift; sourceTree = "<group>"; };
		ABB3581523902D900065CBEA /* ArticlesService.swift */ = {isa = PBXFileReference; lastKnownFileType = sourcecode.swift; path = ArticlesService.swift; sourceTree = "<group>"; };
		ABB3581723902F5F0065CBEA /* ArticleLocal+CoreDataClass.swift */ = {isa = PBXFileReference; lastKnownFileType = sourcecode.swift; path = "ArticleLocal+CoreDataClass.swift"; sourceTree = SOURCE_ROOT; };
		ABB3581823902F5F0065CBEA /* ArticleLocal+CoreDataProperties.swift */ = {isa = PBXFileReference; lastKnownFileType = sourcecode.swift; path = "ArticleLocal+CoreDataProperties.swift"; sourceTree = SOURCE_ROOT; };
		ABB3581B23902F6B0065CBEA /* CoreDataManager.swift */ = {isa = PBXFileReference; lastKnownFileType = sourcecode.swift; path = CoreDataManager.swift; sourceTree = "<group>"; };
/* End PBXFileReference section */

/* Begin PBXFrameworksBuildPhase section */
		ABB357D6239012470065CBEA /* Frameworks */ = {
			isa = PBXFrameworksBuildPhase;
			buildActionMask = 2147483647;
			files = (
			);
			runOnlyForDeploymentPostprocessing = 0;
		};
/* End PBXFrameworksBuildPhase section */

/* Begin PBXGroup section */
		ABA557B42392586900BD0123 /* Errors */ = {
			isa = PBXGroup;
			children = (
				ABB35808239022940065CBEA /* NetworkWorkerErrors.swift */,
			);
			path = Errors;
			sourceTree = "<group>";
		};
		ABB357D0239012470065CBEA = {
			isa = PBXGroup;
			children = (
				ABB357DB239012470065CBEA /* NewsFeed */,
				ABB357DA239012470065CBEA /* Products */,
			);
			sourceTree = "<group>";
		};
		ABB357DA239012470065CBEA /* Products */ = {
			isa = PBXGroup;
			children = (
				ABB357D9239012470065CBEA /* NewsFeed.app */,
			);
			name = Products;
			sourceTree = "<group>";
		};
		ABB357DB239012470065CBEA /* NewsFeed */ = {
			isa = PBXGroup;
			children = (
				ABB357FC23901FB00065CBEA /* Network */,
				ABB357FD23901FBA0065CBEA /* LocalMemory */,
				ABB357FE23901FCF0065CBEA /* Models */,
				ABB3581423902D7C0065CBEA /* Services */,
				ABB357F923901F530065CBEA /* Tools */,
				ABB357F723901F350065CBEA /* UI */,
				ABB357DC239012470065CBEA /* AppDelegate.swift */,
				ABB357DE239012470065CBEA /* SceneDelegate.swift */,
				ABB357E8239012570065CBEA /* Assets.xcassets */,
				ABB357EA239012570065CBEA /* LaunchScreen.storyboard */,
				ABB357ED239012570065CBEA /* Info.plist */,
				ABB357E5239012470065CBEA /* NewsFeed.xcdatamodeld */,
			);
			path = NewsFeed;
			sourceTree = "<group>";
		};
		ABB357F723901F350065CBEA /* UI */ = {
			isa = PBXGroup;
			children = (
				ABB357F823901F400065CBEA /* FeedViewController */,
			);
			path = UI;
			sourceTree = "<group>";
		};
		ABB357F823901F400065CBEA /* FeedViewController */ = {
			isa = PBXGroup;
			children = (
				ABB357F5239016340065CBEA /* ArticleCell.swift */,
				ABB357F3239016130065CBEA /* FeedViewController.swift */,
				ABB3580A239026880065CBEA /* WebImageView.swift */,
				ABA557B223924AA600BD0123 /* FooterView.swift */,
			);
			path = FeedViewController;
			sourceTree = "<group>";
		};
		ABB357F923901F530065CBEA /* Tools */ = {
			isa = PBXGroup;
			children = (
				ABB357FA23901F660065CBEA /* Settings.swift */,
				AB75235923925C850024EAF9 /* UIViewController+Errors.swift */,
			);
			path = Tools;
			sourceTree = "<group>";
		};
		ABB357FC23901FB00065CBEA /* Network */ = {
			isa = PBXGroup;
			children = (
				ABA557B42392586900BD0123 /* Errors */,
				ABB35803239020A20065CBEA /* Endpoints */,
				ABB357FF239020380065CBEA /* NetworkWorker.swift */,
				ABB35801239020490065CBEA /* NetworkWorkerProtocol.swift */,
			);
			path = Network;
			sourceTree = "<group>";
		};
		ABB357FD23901FBA0065CBEA /* LocalMemory */ = {
			isa = PBXGroup;
			children = (
				ABB3581723902F5F0065CBEA /* ArticleLocal+CoreDataClass.swift */,
				ABB3581823902F5F0065CBEA /* ArticleLocal+CoreDataProperties.swift */,
				ABB3581B23902F6B0065CBEA /* CoreDataManager.swift */,
			);
			path = LocalMemory;
			sourceTree = "<group>";
		};
		ABB357FE23901FCF0065CBEA /* Models */ = {
			isa = PBXGroup;
			children = (
				ABB3580E23902C540065CBEA /* ArticlesResponse.swift */,
				ABB3581023902C700065CBEA /* ResponseStatus.swift */,
				ABB3581223902CE30065CBEA /* Article.swift */,
				AB752357239259330024EAF9 /* APIError.swift */,
			);
			path = Models;
			sourceTree = "<group>";
		};
		ABB35803239020A20065CBEA /* Endpoints */ = {
			isa = PBXGroup;
			children = (
				ABB35804239020C50065CBEA /* EndpointProtocol.swift */,
				ABB35806239020D00065CBEA /* Feed.swift */,
			);
			path = Endpoints;
			sourceTree = "<group>";
		};
		ABB3581423902D7C0065CBEA /* Services */ = {
			isa = PBXGroup;
			children = (
				ABB3581523902D900065CBEA /* ArticlesService.swift */,
			);
			path = Services;
			sourceTree = "<group>";
		};
/* End PBXGroup section */

/* Begin PBXNativeTarget section */
		ABB357D8239012470065CBEA /* NewsFeed */ = {
			isa = PBXNativeTarget;
			buildConfigurationList = ABB357F0239012570065CBEA /* Build configuration list for PBXNativeTarget "NewsFeed" */;
			buildPhases = (
				ABB357D5239012470065CBEA /* Sources */,
				ABB357D6239012470065CBEA /* Frameworks */,
				ABB357D7239012470065CBEA /* Resources */,
			);
			buildRules = (
			);
			dependencies = (
			);
			name = NewsFeed;
			productName = NewsFeed;
			productReference = ABB357D9239012470065CBEA /* NewsFeed.app */;
			productType = "com.apple.product-type.application";
		};
/* End PBXNativeTarget section */

/* Begin PBXProject section */
		ABB357D1239012470065CBEA /* Project object */ = {
			isa = PBXProject;
			attributes = {
				LastSwiftUpdateCheck = 1120;
				LastUpgradeCheck = 1120;
				ORGANIZATIONNAME = "Алексей Воронов";
				TargetAttributes = {
					ABB357D8239012470065CBEA = {
						CreatedOnToolsVersion = 11.2;
					};
				};
			};
			buildConfigurationList = ABB357D4239012470065CBEA /* Build configuration list for PBXProject "NewsFeed" */;
			compatibilityVersion = "Xcode 9.3";
			developmentRegion = en;
			hasScannedForEncodings = 0;
			knownRegions = (
				en,
				Base,
			);
			mainGroup = ABB357D0239012470065CBEA;
			productRefGroup = ABB357DA239012470065CBEA /* Products */;
			projectDirPath = "";
			projectRoot = "";
			targets = (
				ABB357D8239012470065CBEA /* NewsFeed */,
			);
		};
/* End PBXProject section */

/* Begin PBXResourcesBuildPhase section */
		ABB357D7239012470065CBEA /* Resources */ = {
			isa = PBXResourcesBuildPhase;
			buildActionMask = 2147483647;
			files = (
				ABB357EC239012570065CBEA /* LaunchScreen.storyboard in Resources */,
				ABB357E9239012570065CBEA /* Assets.xcassets in Resources */,
			);
			runOnlyForDeploymentPostprocessing = 0;
		};
/* End PBXResourcesBuildPhase section */

/* Begin PBXSourcesBuildPhase section */
		ABB357D5239012470065CBEA /* Sources */ = {
			isa = PBXSourcesBuildPhase;
			buildActionMask = 2147483647;
			files = (
				ABB3581A23902F5F0065CBEA /* ArticleLocal+CoreDataProperties.swift in Sources */,
				ABB357FB23901F660065CBEA /* Settings.swift in Sources */,
				ABB3580B239026880065CBEA /* WebImageView.swift in Sources */,
				ABB35807239020D00065CBEA /* Feed.swift in Sources */,
				ABB357DD239012470065CBEA /* AppDelegate.swift in Sources */,
				ABB35809239022940065CBEA /* NetworkWorkerErrors.swift in Sources */,
				ABB357E7239012470065CBEA /* NewsFeed.xcdatamodeld in Sources */,
				ABB3581923902F5F0065CBEA /* ArticleLocal+CoreDataClass.swift in Sources */,
				ABB35805239020C50065CBEA /* EndpointProtocol.swift in Sources */,
				ABB3580F23902C540065CBEA /* ArticlesResponse.swift in Sources */,
				ABB3581623902D900065CBEA /* ArticlesService.swift in Sources */,
				ABB357F4239016130065CBEA /* FeedViewController.swift in Sources */,
				ABB3581123902C700065CBEA /* ResponseStatus.swift in Sources */,
				ABA557B323924AA600BD0123 /* FooterView.swift in Sources */,
				ABB35802239020490065CBEA /* NetworkWorkerProtocol.swift in Sources */,
				ABB35800239020380065CBEA /* NetworkWorker.swift in Sources */,
				ABB3581323902CE30065CBEA /* Article.swift in Sources */,
				ABB357F6239016340065CBEA /* ArticleCell.swift in Sources */,
				ABB3581C23902F6B0065CBEA /* CoreDataManager.swift in Sources */,
				AB75235A23925C850024EAF9 /* UIViewController+Errors.swift in Sources */,
				ABB357DF239012470065CBEA /* SceneDelegate.swift in Sources */,
				AB752358239259340024EAF9 /* APIError.swift in Sources */,
			);
			runOnlyForDeploymentPostprocessing = 0;
		};
/* End PBXSourcesBuildPhase section */

/* Begin PBXVariantGroup section */
		ABB357EA239012570065CBEA /* LaunchScreen.storyboard */ = {
			isa = PBXVariantGroup;
			children = (
				ABB357EB239012570065CBEA /* Base */,
			);
			name = LaunchScreen.storyboard;
			sourceTree = "<group>";
		};
/* End PBXVariantGroup section */

/* Begin XCBuildConfiguration section */
		ABB357EE239012570065CBEA /* Debug */ = {
			isa = XCBuildConfiguration;
			buildSettings = {
				ALWAYS_SEARCH_USER_PATHS = NO;
				CLANG_ANALYZER_NONNULL = YES;
				CLANG_ANALYZER_NUMBER_OBJECT_CONVERSION = YES_AGGRESSIVE;
				CLANG_CXX_LANGUAGE_STANDARD = "gnu++14";
				CLANG_CXX_LIBRARY = "libc++";
				CLANG_ENABLE_MODULES = YES;
				CLANG_ENABLE_OBJC_ARC = YES;
				CLANG_ENABLE_OBJC_WEAK = YES;
				CLANG_WARN_BLOCK_CAPTURE_AUTORELEASING = YES;
				CLANG_WARN_BOOL_CONVERSION = YES;
				CLANG_WARN_COMMA = YES;
				CLANG_WARN_CONSTANT_CONVERSION = YES;
				CLANG_WARN_DEPRECATED_OBJC_IMPLEMENTATIONS = YES;
				CLANG_WARN_DIRECT_OBJC_ISA_USAGE = YES_ERROR;
				CLANG_WARN_DOCUMENTATION_COMMENTS = YES;
				CLANG_WARN_EMPTY_BODY = YES;
				CLANG_WARN_ENUM_CONVERSION = YES;
				CLANG_WARN_INFINITE_RECURSION = YES;
				CLANG_WARN_INT_CONVERSION = YES;
				CLANG_WARN_NON_LITERAL_NULL_CONVERSION = YES;
				CLANG_WARN_OBJC_IMPLICIT_RETAIN_SELF = YES;
				CLANG_WARN_OBJC_LITERAL_CONVERSION = YES;
				CLANG_WARN_OBJC_ROOT_CLASS = YES_ERROR;
				CLANG_WARN_RANGE_LOOP_ANALYSIS = YES;
				CLANG_WARN_STRICT_PROTOTYPES = YES;
				CLANG_WARN_SUSPICIOUS_MOVE = YES;
				CLANG_WARN_UNGUARDED_AVAILABILITY = YES_AGGRESSIVE;
				CLANG_WARN_UNREACHABLE_CODE = YES;
				CLANG_WARN__DUPLICATE_METHOD_MATCH = YES;
				COPY_PHASE_STRIP = NO;
				DEBUG_INFORMATION_FORMAT = dwarf;
				ENABLE_STRICT_OBJC_MSGSEND = YES;
				ENABLE_TESTABILITY = YES;
				GCC_C_LANGUAGE_STANDARD = gnu11;
				GCC_DYNAMIC_NO_PIC = NO;
				GCC_NO_COMMON_BLOCKS = YES;
				GCC_OPTIMIZATION_LEVEL = 0;
				GCC_PREPROCESSOR_DEFINITIONS = (
					"DEBUG=1",
					"$(inherited)",
				);
				GCC_WARN_64_TO_32_BIT_CONVERSION = YES;
				GCC_WARN_ABOUT_RETURN_TYPE = YES_ERROR;
				GCC_WARN_UNDECLARED_SELECTOR = YES;
				GCC_WARN_UNINITIALIZED_AUTOS = YES_AGGRESSIVE;
				GCC_WARN_UNUSED_FUNCTION = YES;
				GCC_WARN_UNUSED_VARIABLE = YES;
				IPHONEOS_DEPLOYMENT_TARGET = 13.2;
				MTL_ENABLE_DEBUG_INFO = INCLUDE_SOURCE;
				MTL_FAST_MATH = YES;
				ONLY_ACTIVE_ARCH = YES;
				SDKROOT = iphoneos;
				SWIFT_ACTIVE_COMPILATION_CONDITIONS = DEBUG;
				SWIFT_OPTIMIZATION_LEVEL = "-Onone";
			};
			name = Debug;
		};
		ABB357EF239012570065CBEA /* Release */ = {
			isa = XCBuildConfiguration;
			buildSettings = {
				ALWAYS_SEARCH_USER_PATHS = NO;
				CLANG_ANALYZER_NONNULL = YES;
				CLANG_ANALYZER_NUMBER_OBJECT_CONVERSION = YES_AGGRESSIVE;
				CLANG_CXX_LANGUAGE_STANDARD = "gnu++14";
				CLANG_CXX_LIBRARY = "libc++";
				CLANG_ENABLE_MODULES = YES;
				CLANG_ENABLE_OBJC_ARC = YES;
				CLANG_ENABLE_OBJC_WEAK = YES;
				CLANG_WARN_BLOCK_CAPTURE_AUTORELEASING = YES;
				CLANG_WARN_BOOL_CONVERSION = YES;
				CLANG_WARN_COMMA = YES;
				CLANG_WARN_CONSTANT_CONVERSION = YES;
				CLANG_WARN_DEPRECATED_OBJC_IMPLEMENTATIONS = YES;
				CLANG_WARN_DIRECT_OBJC_ISA_USAGE = YES_ERROR;
				CLANG_WARN_DOCUMENTATION_COMMENTS = YES;
				CLANG_WARN_EMPTY_BODY = YES;
				CLANG_WARN_ENUM_CONVERSION = YES;
				CLANG_WARN_INFINITE_RECURSION = YES;
				CLANG_WARN_INT_CONVERSION = YES;
				CLANG_WARN_NON_LITERAL_NULL_CONVERSION = YES;
				CLANG_WARN_OBJC_IMPLICIT_RETAIN_SELF = YES;
				CLANG_WARN_OBJC_LITERAL_CONVERSION = YES;
				CLANG_WARN_OBJC_ROOT_CLASS = YES_ERROR;
				CLANG_WARN_RANGE_LOOP_ANALYSIS = YES;
				CLANG_WARN_STRICT_PROTOTYPES = YES;
				CLANG_WARN_SUSPICIOUS_MOVE = YES;
				CLANG_WARN_UNGUARDED_AVAILABILITY = YES_AGGRESSIVE;
				CLANG_WARN_UNREACHABLE_CODE = YES;
				CLANG_WARN__DUPLICATE_METHOD_MATCH = YES;
				COPY_PHASE_STRIP = NO;
				DEBUG_INFORMATION_FORMAT = "dwarf-with-dsym";
				ENABLE_NS_ASSERTIONS = NO;
				ENABLE_STRICT_OBJC_MSGSEND = YES;
				GCC_C_LANGUAGE_STANDARD = gnu11;
				GCC_NO_COMMON_BLOCKS = YES;
				GCC_WARN_64_TO_32_BIT_CONVERSION = YES;
				GCC_WARN_ABOUT_RETURN_TYPE = YES_ERROR;
				GCC_WARN_UNDECLARED_SELECTOR = YES;
				GCC_WARN_UNINITIALIZED_AUTOS = YES_AGGRESSIVE;
				GCC_WARN_UNUSED_FUNCTION = YES;
				GCC_WARN_UNUSED_VARIABLE = YES;
				IPHONEOS_DEPLOYMENT_TARGET = 13.2;
				MTL_ENABLE_DEBUG_INFO = NO;
				MTL_FAST_MATH = YES;
				SDKROOT = iphoneos;
				SWIFT_COMPILATION_MODE = wholemodule;
				SWIFT_OPTIMIZATION_LEVEL = "-O";
				VALIDATE_PRODUCT = YES;
			};
			name = Release;
		};
		ABB357F1239012570065CBEA /* Debug */ = {
			isa = XCBuildConfiguration;
			buildSettings = {
				ASSETCATALOG_COMPILER_APPICON_NAME = AppIcon;
				CODE_SIGN_STYLE = Automatic;
				DEVELOPMENT_TEAM = N8AX386RTP;
				INFOPLIST_FILE = NewsFeed/Info.plist;
				LD_RUNPATH_SEARCH_PATHS = (
					"$(inherited)",
					"@executable_path/Frameworks",
				);
				PRODUCT_BUNDLE_IDENTIFIER = com.AlexeyVoronov.NewsFeed;
				PRODUCT_NAME = "$(TARGET_NAME)";
				SWIFT_VERSION = 5.0;
				TARGETED_DEVICE_FAMILY = "1,2";
			};
			name = Debug;
		};
		ABB357F2239012570065CBEA /* Release */ = {
			isa = XCBuildConfiguration;
			buildSettings = {
				ASSETCATALOG_COMPILER_APPICON_NAME = AppIcon;
				CODE_SIGN_STYLE = Automatic;
				DEVELOPMENT_TEAM = N8AX386RTP;
				INFOPLIST_FILE = NewsFeed/Info.plist;
				LD_RUNPATH_SEARCH_PATHS = (
					"$(inherited)",
					"@executable_path/Frameworks",
				);
				PRODUCT_BUNDLE_IDENTIFIER = com.AlexeyVoronov.NewsFeed;
				PRODUCT_NAME = "$(TARGET_NAME)";
				SWIFT_VERSION = 5.0;
				TARGETED_DEVICE_FAMILY = "1,2";
			};
			name = Release;
		};
/* End XCBuildConfiguration section */

/* Begin XCConfigurationList section */
		ABB357D4239012470065CBEA /* Build configuration list for PBXProject "NewsFeed" */ = {
			isa = XCConfigurationList;
			buildConfigurations = (
				ABB357EE239012570065CBEA /* Debug */,
				ABB357EF239012570065CBEA /* Release */,
			);
			defaultConfigurationIsVisible = 0;
			defaultConfigurationName = Release;
		};
		ABB357F0239012570065CBEA /* Build configuration list for PBXNativeTarget "NewsFeed" */ = {
			isa = XCConfigurationList;
			buildConfigurations = (
				ABB357F1239012570065CBEA /* Debug */,
				ABB357F2239012570065CBEA /* Release */,
			);
			defaultConfigurationIsVisible = 0;
			defaultConfigurationName = Release;
		};
/* End XCConfigurationList section */

/* Begin XCVersionGroup section */
		ABB357E5239012470065CBEA /* NewsFeed.xcdatamodeld */ = {
			isa = XCVersionGroup;
			children = (
				ABB357E6239012470065CBEA /* NewsFeed.xcdatamodel */,
			);
			currentVersion = ABB357E6239012470065CBEA /* NewsFeed.xcdatamodel */;
			path = NewsFeed.xcdatamodeld;
			sourceTree = "<group>";
			versionGroupType = wrapper.xcdatamodel;
		};
/* End XCVersionGroup section */
	};
	rootObject = ABB357D1239012470065CBEA /* Project object */;
}
